
Microsoft Visual Studio Solution File, Format Version 12.00
# Visual Studio 15
VisualStudioVersion = 15.0.28010.2048
MinimumVisualStudioVersion = 10.0.40219.1
Project("{FAE04EC0-301F-11D3-BF4B-00C04F79EFBC}") = "Shuttle.SqlServer.Runner.Core", "Shuttle.SqlServer.Runner.Core\Shuttle.SqlServer.Runner.Core.csproj", "{9F7318D2-00C9-4601-B34B-BA7CD37F0E17}"
EndProject
Project("{FAE04EC0-301F-11D3-BF4B-00C04F79EFBC}") = "Shuttle.SqlServer.Runner.Tests", "Shuttle.SqlServer.Runner.Tests\Shuttle.SqlServer.Runner.Tests.csproj", "{5860C0AB-3DF2-4283-B8D2-0118D7A3098E}"
EndProject
Global
	GlobalSection(SolutionConfigurationPlatforms) = preSolution
		Debug|Any CPU = Debug|Any CPU
		Release|Any CPU = Release|Any CPU
	EndGlobalSection
	GlobalSection(ProjectConfigurationPlatforms) = postSolution
		{9F7318D2-00C9-4601-B34B-BA7CD37F0E17}.Debug|Any CPU.ActiveCfg = Debug|Any CPU
		{9F7318D2-00C9-4601-B34B-BA7CD37F0E17}.Debug|Any CPU.Build.0 = Debug|Any CPU
		{9F7318D2-00C9-4601-B34B-BA7CD37F0E17}.Release|Any CPU.ActiveCfg = Release|Any CPU
		{9F7318D2-00C9-4601-B34B-BA7CD37F0E17}.Release|Any CPU.Build.0 = Release|Any CPU
		{5860C0AB-3DF2-4283-B8D2-0118D7A3098E}.Debug|Any CPU.ActiveCfg = Debug|Any CPU
		{5860C0AB-3DF2-4283-B8D2-0118D7A3098E}.Debug|Any CPU.Build.0 = Debug|Any CPU
		{5860C0AB-3DF2-4283-B8D2-0118D7A3098E}.Release|Any CPU.ActiveCfg = Release|Any CPU
		{5860C0AB-3DF2-4283-B8D2-0118D7A3098E}.Release|Any CPU.Build.0 = Release|Any CPU
	EndGlobalSection
	GlobalSection(SolutionProperties) = preSolution
		HideSolutionNode = FALSE
	EndGlobalSection
	GlobalSection(ExtensibilityGlobals) = postSolution
		SolutionGuid = {607139C9-EB96-4B1C-8100-161D4F26C671}
	EndGlobalSection
EndGlobal
